
Microsoft Visual Studio Solution File, Format Version 12.00
# Visual Studio 16
Project("{FAE04EC0-301F-11D3-BF4B-00C04F79EFBC}") = "Assembly-CSharp-firstpass", "Assembly-CSharp-firstpass.csproj", "{CE13570F-6A03-6A23-FF9B-F56F093153FA}"
EndProject
Project("{FAE04EC0-301F-11D3-BF4B-00C04F79EFBC}") = "Assembly-CSharp", "Assembly-CSharp.csproj", "{38753B3B-94FA-2A36-C221-547017156951}"
EndProject
Project("{FAE04EC0-301F-11D3-BF4B-00C04F79EFBC}") = "Assembly-CSharp-Editor-firstpass", "Assembly-CSharp-Editor-firstpass.csproj", "{0BBAEA03-D4EF-A3CE-51A1-9089CE259D19}"
EndProject
Global
	GlobalSection(SolutionConfigurationPlatforms) = preSolution
		Debug|Any CPU = Debug|Any CPU
		Release|Any CPU = Release|Any CPU
	EndGlobalSection
	GlobalSection(ProjectConfigurationPlatforms) = postSolution
		{CE13570F-6A03-6A23-FF9B-F56F093153FA}.Debug|Any CPU.ActiveCfg = Debug|Any CPU
		{CE13570F-6A03-6A23-FF9B-F56F093153FA}.Debug|Any CPU.Build.0 = Debug|Any CPU
		{CE13570F-6A03-6A23-FF9B-F56F093153FA}.Release|Any CPU.ActiveCfg = Release|Any CPU
		{CE13570F-6A03-6A23-FF9B-F56F093153FA}.Release|Any CPU.Build.0 = Release|Any CPU
		{38753B3B-94FA-2A36-C221-547017156951}.Debug|Any CPU.ActiveCfg = Debug|Any CPU
		{38753B3B-94FA-2A36-C221-547017156951}.Debug|Any CPU.Build.0 = Debug|Any CPU
		{38753B3B-94FA-2A36-C221-547017156951}.Release|Any CPU.ActiveCfg = Release|Any CPU
		{38753B3B-94FA-2A36-C221-547017156951}.Release|Any CPU.Build.0 = Release|Any CPU
		{0BBAEA03-D4EF-A3CE-51A1-9089CE259D19}.Debug|Any CPU.ActiveCfg = Debug|Any CPU
		{0BBAEA03-D4EF-A3CE-51A1-9089CE259D19}.Debug|Any CPU.Build.0 = Debug|Any CPU
		{0BBAEA03-D4EF-A3CE-51A1-9089CE259D19}.Release|Any CPU.ActiveCfg = Release|Any CPU
		{0BBAEA03-D4EF-A3CE-51A1-9089CE259D19}.Release|Any CPU.Build.0 = Release|Any CPU
	EndGlobalSection
	GlobalSection(SolutionProperties) = preSolution
		HideSolutionNode = FALSE
	EndGlobalSection
EndGlobal
